<?xml version="1.0" encoding="utf-8"?>
<Project ToolsVersion="4.0" xmlns="http://schemas.microsoft.com/developer/msbuild/2003">
  <ItemGroup>
    <ClCompile Include="dllmain.c" />
    <ClCompile Include="main.cpp" />
    <ClCompile Include="src\Hooks.cpp" />
    <ClCompile Include="src\Manager.cpp" />
    <ClCompile Include="src\SwapData.cpp" />
    <ClCompile Include="$(SolutionDir)\nvse\nvse\containers.cpp" />
    <ClCompile Include="$(SolutionDir)\nvse\nvse\GameAPI.cpp" />
    <ClCompile Include="$(SolutionDir)\nvse\nvse\GameBSExtraData.cpp" />
    <ClCompile Include="$(SolutionDir)\nvse\nvse\GameData.cpp" />
    <ClCompile Include="$(SolutionDir)\nvse\nvse\GameExtraData.cpp" />
    <ClCompile Include="$(SolutionDir)\nvse\nvse\GameForms.cpp" />
    <ClCompile Include="$(SolutionDir)\nvse\nvse\GameObjects.cpp" />
    <ClCompile Include="$(SolutionDir)\nvse\nvse\GameOSDepend.cpp" />
    <ClCompile Include="$(SolutionDir)\nvse\nvse\GameProcess.cpp" />
    <ClCompile Include="$(SolutionDir)\nvse\nvse\GameRTTI.cpp" />
    <ClCompile Include="$(SolutionDir)\nvse\nvse\GameScript.cpp" />
    <ClCompile Include="$(SolutionDir)\nvse\nvse\GameSettings.cpp" />
    <ClCompile Include="$(SolutionDir)\nvse\nvse\GameTasks.cpp" />
    <ClCompile Include="$(SolutionDir)\nvse\nvse\GameTiles.cpp" />
    <ClCompile Include="$(SolutionDir)\nvse\nvse\GameTypes.cpp" />
    <ClCompile Include="$(SolutionDir)\nvse\nvse\printf.cpp" />
    <ClCompile Include="$(SolutionDir)\nvse\nvse\SafeWrite.cpp" />
    <ClCompile Include="$(SolutionDir)\nvse\nvse\Utilities.cpp" />
    <ClCompile Include="$(SolutionDir)\nvse\nvse\utility.cpp" />
    <ClCompile Include="src\ConditionalData.cpp" />
    <ClCompile Include="src\Util.cpp" />
    <ClCompile Include="src\ObjectProperties.cpp" />
  </ItemGroup>
  <ItemGroup>
    <ClInclude Include="fn_intro_to_script_functions.h" />
    <ClInclude Include="fn_typed_functions.h" />
    <ClInclude Include="src\Defs.h" />
    <ClInclude Include="src\Hooks.h" />
    <ClInclude Include="src\Manager.h" />
    <ClInclude Include="src\SwapData.h" />
    <ClInclude Include="lib\distribution.hpp">
      <Filter>lib</Filter>
    </ClInclude>
    <ClInclude Include="lib\hash.hpp">
      <Filter>lib</Filter>
    </ClInclude>
    <ClInclude Include="lib\numeric.hpp">
      <Filter>lib</Filter>
    </ClInclude>
    <ClInclude Include="lib\simpleINI.hpp">
      <Filter>lib</Filter>
    </ClInclude>
    <ClInclude Include="lib\string.hpp">
      <Filter>lib</Filter>
    </ClInclude>
    <ClInclude Include="lib\rng.hpp">
      <Filter>lib</Filter>
    </ClInclude>
    <ClInclude Include="$(SolutionDir)\nvse\nvse\CommandTable.h" />
    <ClInclude Include="$(SolutionDir)\nvse\nvse\containers.h" />
    <ClInclude Include="$(SolutionDir)\nvse\nvse\GameAPI.h" />
    <ClInclude Include="$(SolutionDir)\nvse\nvse\GameBSExtraData.h" />
    <ClInclude Include="$(SolutionDir)\nvse\nvse\GameData.h" />
    <ClInclude Include="$(SolutionDir)\nvse\nvse\GameEffects.h" />
    <ClInclude Include="$(SolutionDir)\nvse\nvse\GameExtraData.h" />
    <ClInclude Include="$(SolutionDir)\nvse\nvse\GameForms.h" />
    <ClInclude Include="$(SolutionDir)\nvse\nvse\GameObjects.h" />
    <ClInclude Include="$(SolutionDir)\nvse\nvse\GameOSDepend.h" />
    <ClInclude Include="$(SolutionDir)\nvse\nvse\GameProcess.h" />
    <ClInclude Include="$(SolutionDir)\nvse\nvse\GameRTTI.h" />
    <ClInclude Include="$(SolutionDir)\nvse\nvse\GameScript.h" />
    <ClInclude Include="$(SolutionDir)\nvse\nvse\GameSettings.h" />
    <ClInclude Include="$(SolutionDir)\nvse\nvse\GameTasks.h" />
    <ClInclude Include="$(SolutionDir)\nvse\nvse\GameTiles.h" />
    <ClInclude Include="$(SolutionDir)\nvse\nvse\GameTypes.h" />
    <ClInclude Include="$(SolutionDir)\nvse\nvse\GameUI.h" />
    <ClInclude Include="$(SolutionDir)\nvse\nvse\PluginAPI.h" />
    <ClInclude Include="$(SolutionDir)\nvse\nvse\SafeWrite.h" />
    <ClInclude Include="$(SolutionDir)\nvse\nvse\Utilities.h" />
    <ClInclude Include="$(SolutionDir)\nvse\nvse\utility.h" />
    <ClInclude Include="src\ConditionalData.h" />
    <ClInclude Include="RE\NiPoint2.h">
      <Filter>RE</Filter>
    </ClInclude>
    <ClInclude Include="src\Util.h" />
    <ClInclude Include="src\ObjectProperties.h" />
  </ItemGroup>
  <ItemGroup>
    <None Include="exports.def" />
  </ItemGroup>
  <ItemGroup>
    <Filter Include="nvse">
      <UniqueIdentifier>{7e82ebe7-6059-4db9-b241-0adc15259728}</UniqueIdentifier>
    </Filter>
    <Filter Include="lib">
      <UniqueIdentifier>{906cd381-9527-47ec-b1fb-752391f4b0a5}</UniqueIdentifier>
    </Filter>
    <Filter Include="RE">
      <UniqueIdentifier>{45f2a954-6328-481e-b6c3-32209014bc91}</UniqueIdentifier>
    </Filter>
  </ItemGroup>
</Project>